dependencies:
  espressif/cmake_utilities:
    component_hash: 351350613ceafba240b761b4ea991e0f231ac7a9f59a9ee901f751bddc0bb18f
    dependencies:
    - name: idf
      registry_url: https://components.espressif.com
      require: private
      version: '>=4.1'
    source:
      registry_url: https://components.espressif.com
      type: service
    version: 0.5.3
  espressif/esp_lcd_ek79007:
    component_hash: de27a4d0a8b17f02b9537cdd6d92459e577ea7aad47ef051fecde54b5ce5aff0
    dependencies:
    - name: idf
      registry_url: https://components.espressif.com
      require: private
      version: '>=5.3'
    - name: espressif/cmake_utilities
      registry_url: https://components.espressif.com
      require: private
      version: 0.*
    source:
      registry_url: https://components.espressif.com/
      type: service
    targets:
    - esp32p4
    version: 1.0.0
  idf:
    source:
      type: idf
    version: 5.3.2
direct_dependencies:
- espressif/esp_lcd_ek79007
- idf
manifest_hash: c132a85ddf17d6ba9f42514bd24ad8d3e50442943b6ab08c50a2d4dc22afb695
target: esp32p4
version: 2.0.0
